
Microsoft Visual Studio Solution File, Format Version 12.00
# Visual Studio 15
VisualStudioVersion = 15.0.28010.2003
MinimumVisualStudioVersion = 10.0.40219.1
Project("{8BC9CEB8-8B4A-11D0-8D11-00A0C91BC942}") = "2-5-19", "..\source\repos\2-5-19\2-5-19\2-5-19.vcxproj", "{21E9F2F1-0040-4384-9093-FAB36DA9445F}"
EndProject
Global
	GlobalSection(SolutionConfigurationPlatforms) = preSolution
		Debug|x64 = Debug|x64
		Debug|x86 = Debug|x86
		Release|x64 = Release|x64
		Release|x86 = Release|x86
	EndGlobalSection
	GlobalSection(ProjectConfigurationPlatforms) = postSolution
		{21E9F2F1-0040-4384-9093-FAB36DA9445F}.Debug|x64.ActiveCfg = Debug|x64
		{21E9F2F1-0040-4384-9093-FAB36DA9445F}.Debug|x64.Build.0 = Debug|x64
		{21E9F2F1-0040-4384-9093-FAB36DA9445F}.Debug|x86.ActiveCfg = Debug|Win32
		{21E9F2F1-0040-4384-9093-FAB36DA9445F}.Debug|x86.Build.0 = Debug|Win32
		{21E9F2F1-0040-4384-9093-FAB36DA9445F}.Release|x64.ActiveCfg = Release|x64
		{21E9F2F1-0040-4384-9093-FAB36DA9445F}.Release|x64.Build.0 = Release|x64
		{21E9F2F1-0040-4384-9093-FAB36DA9445F}.Release|x86.ActiveCfg = Release|Win32
		{21E9F2F1-0040-4384-9093-FAB36DA9445F}.Release|x86.Build.0 = Release|Win32
	EndGlobalSection
	GlobalSection(SolutionProperties) = preSolution
		HideSolutionNode = FALSE
	EndGlobalSection
	GlobalSection(ExtensibilityGlobals) = postSolution
		SolutionGuid = {DF63F4F7-F9BA-4039-9160-1A876E940B06}
	EndGlobalSection
EndGlobal
